
Microsoft Visual Studio Solution File, Format Version 12.00
# Visual Studio Version 16
VisualStudioVersion = 16.0.31321.278
MinimumVisualStudioVersion = 10.0.40219.1
Project("{FAE04EC0-301F-11D3-BF4B-00C04F79EFBC}") = "ChatApplication", "ChatApplication.csproj", "{2D65299A-1E57-4FC9-92DE-950777954B23}"
EndProject
Global
	GlobalSection(SolutionConfigurationPlatforms) = preSolution
		Debug|Any CPU = Debug|Any CPU
		Release|Any CPU = Release|Any CPU
	EndGlobalSection
	GlobalSection(ProjectConfigurationPlatforms) = postSolution
		{2D65299A-1E57-4FC9-92DE-950777954B23}.Debug|Any CPU.ActiveCfg = Debug|Any CPU
		{2D65299A-1E57-4FC9-92DE-950777954B23}.Debug|Any CPU.Build.0 = Debug|Any CPU
		{2D65299A-1E57-4FC9-92DE-950777954B23}.Release|Any CPU.ActiveCfg = Release|Any CPU
		{2D65299A-1E57-4FC9-92DE-950777954B23}.Release|Any CPU.Build.0 = Release|Any CPU
	EndGlobalSection
	GlobalSection(SolutionProperties) = preSolution
		HideSolutionNode = FALSE
	EndGlobalSection
	GlobalSection(ExtensibilityGlobals) = postSolution
		SolutionGuid = {751C3DC9-476F-4CF8-8EC9-539BAE99081C}
	EndGlobalSection
EndGlobal
